
Microsoft Visual Studio Solution File, Format Version 12.00
# Visual Studio 15
VisualStudioVersion = 15.0.28307.271
MinimumVisualStudioVersion = 10.0.40219.1
Project("{FAE04EC0-301F-11D3-BF4B-00C04F79EFBC}") = "UpdateFormMaster", "UpdateFormMaster\UpdateFormMaster.csproj", "{DC898098-A3E0-4A3D-997A-2B5BD4F338F1}"
EndProject
Global
	GlobalSection(SolutionConfigurationPlatforms) = preSolution
		Debug|Any CPU = Debug|Any CPU
		Release|Any CPU = Release|Any CPU
	EndGlobalSection
	GlobalSection(ProjectConfigurationPlatforms) = postSolution
		{DC898098-A3E0-4A3D-997A-2B5BD4F338F1}.Debug|Any CPU.ActiveCfg = Debug|Any CPU
		{DC898098-A3E0-4A3D-997A-2B5BD4F338F1}.Debug|Any CPU.Build.0 = Debug|Any CPU
		{DC898098-A3E0-4A3D-997A-2B5BD4F338F1}.Release|Any CPU.ActiveCfg = Release|Any CPU
		{DC898098-A3E0-4A3D-997A-2B5BD4F338F1}.Release|Any CPU.Build.0 = Release|Any CPU
	EndGlobalSection
	GlobalSection(SolutionProperties) = preSolution
		HideSolutionNode = FALSE
	EndGlobalSection
	GlobalSection(ExtensibilityGlobals) = postSolution
		SolutionGuid = {E4E48EC4-1B39-4B35-ADBD-C9770BC84446}
	EndGlobalSection
EndGlobal
